
Microsoft Visual Studio Solution File, Format Version 12.00
# Visual Studio 15
VisualStudioVersion = 15.0.26403.0
MinimumVisualStudioVersion = 10.0.40219.1
Project("{E24C65DC-7377-472B-9ABA-BC803B73C61A}") = "TheLittleOnes", "..\..\WebSites\TheLittleOnes\", "{971901CD-CBA6-43D7-BB4B-B5A3535DFACF}"
	ProjectSection(WebsiteProperties) = preProject
		TargetFrameworkMoniker = ".NETFramework,Version%3Dv4.5.2"
		ProjectReferences = "{3d30b4bb-f413-49a4-9958-816fe529a5b1}|TheLittleOnesLibrary.dll;"
		Debug.AspNetCompiler.VirtualPath = "/localhost_65063"
		Debug.AspNetCompiler.PhysicalPath = "..\..\WebSites\TheLittleOnes\"
		Debug.AspNetCompiler.TargetPath = "PrecompiledWeb\localhost_65063\"
		Debug.AspNetCompiler.Updateable = "true"
		Debug.AspNetCompiler.ForceOverwrite = "true"
		Debug.AspNetCompiler.FixedNames = "false"
		Debug.AspNetCompiler.Debug = "True"
		Release.AspNetCompiler.VirtualPath = "/localhost_65063"
		Release.AspNetCompiler.PhysicalPath = "..\..\WebSites\TheLittleOnes\"
		Release.AspNetCompiler.TargetPath = "PrecompiledWeb\localhost_65063\"
		Release.AspNetCompiler.Updateable = "true"
		Release.AspNetCompiler.ForceOverwrite = "true"
		Release.AspNetCompiler.FixedNames = "false"
		Release.AspNetCompiler.Debug = "False"
		VWDPort = "65063"
		SlnRelativePath = "..\..\WebSites\TheLittleOnes\"
		DefaultWebSiteLanguage = "Visual C#"
	EndProjectSection
EndProject
Project("{FAE04EC0-301F-11D3-BF4B-00C04F79EFBC}") = "TheLittleOnesLibrary", "TheLittleOnesLibrary\TheLittleOnesLibrary.csproj", "{3D30B4BB-F413-49A4-9958-816FE529A5B1}"
EndProject
Global
	GlobalSection(SolutionConfigurationPlatforms) = preSolution
		Debug|Any CPU = Debug|Any CPU
		Debug|x64 = Debug|x64
		Release|Any CPU = Release|Any CPU
		Release|x64 = Release|x64
	EndGlobalSection
	GlobalSection(ProjectConfigurationPlatforms) = postSolution
		{971901CD-CBA6-43D7-BB4B-B5A3535DFACF}.Debug|Any CPU.ActiveCfg = Debug|Any CPU
		{971901CD-CBA6-43D7-BB4B-B5A3535DFACF}.Debug|Any CPU.Build.0 = Debug|Any CPU
		{971901CD-CBA6-43D7-BB4B-B5A3535DFACF}.Debug|x64.ActiveCfg = Debug|Any CPU
		{971901CD-CBA6-43D7-BB4B-B5A3535DFACF}.Debug|x64.Build.0 = Debug|Any CPU
		{971901CD-CBA6-43D7-BB4B-B5A3535DFACF}.Release|Any CPU.ActiveCfg = Debug|Any CPU
		{971901CD-CBA6-43D7-BB4B-B5A3535DFACF}.Release|Any CPU.Build.0 = Debug|Any CPU
		{971901CD-CBA6-43D7-BB4B-B5A3535DFACF}.Release|x64.ActiveCfg = Debug|Any CPU
		{971901CD-CBA6-43D7-BB4B-B5A3535DFACF}.Release|x64.Build.0 = Debug|Any CPU
		{3D30B4BB-F413-49A4-9958-816FE529A5B1}.Debug|Any CPU.ActiveCfg = Debug|Any CPU
		{3D30B4BB-F413-49A4-9958-816FE529A5B1}.Debug|Any CPU.Build.0 = Debug|Any CPU
		{3D30B4BB-F413-49A4-9958-816FE529A5B1}.Debug|x64.ActiveCfg = Debug|x64
		{3D30B4BB-F413-49A4-9958-816FE529A5B1}.Debug|x64.Build.0 = Debug|x64
		{3D30B4BB-F413-49A4-9958-816FE529A5B1}.Release|Any CPU.ActiveCfg = Release|Any CPU
		{3D30B4BB-F413-49A4-9958-816FE529A5B1}.Release|Any CPU.Build.0 = Release|Any CPU
		{3D30B4BB-F413-49A4-9958-816FE529A5B1}.Release|x64.ActiveCfg = Release|x64
		{3D30B4BB-F413-49A4-9958-816FE529A5B1}.Release|x64.Build.0 = Release|x64
	EndGlobalSection
	GlobalSection(SolutionProperties) = preSolution
		HideSolutionNode = FALSE
	EndGlobalSection
EndGlobal
